
Microsoft Visual Studio Solution File, Format Version 12.00
# Visual Studio Version 16
VisualStudioVersion = 16.0.31129.286
MinimumVisualStudioVersion = 10.0.40219.1
Project("{9A19103F-16F7-4668-BE54-9A1E7A4F7556}") = "api.gateway", "Api.Gateway\api.gateway.csproj", "{770D0ADE-B96D-412E-9BA4-8E96187C6FE5}"
EndProject
Global
	GlobalSection(SolutionConfigurationPlatforms) = preSolution
		Debug|Any CPU = Debug|Any CPU
		Release|Any CPU = Release|Any CPU
	EndGlobalSection
	GlobalSection(ProjectConfigurationPlatforms) = postSolution
		{770D0ADE-B96D-412E-9BA4-8E96187C6FE5}.Debug|Any CPU.ActiveCfg = Debug|Any CPU
		{770D0ADE-B96D-412E-9BA4-8E96187C6FE5}.Debug|Any CPU.Build.0 = Debug|Any CPU
		{770D0ADE-B96D-412E-9BA4-8E96187C6FE5}.Release|Any CPU.ActiveCfg = Release|Any CPU
		{770D0ADE-B96D-412E-9BA4-8E96187C6FE5}.Release|Any CPU.Build.0 = Release|Any CPU
	EndGlobalSection
	GlobalSection(SolutionProperties) = preSolution
		HideSolutionNode = FALSE
	EndGlobalSection
	GlobalSection(ExtensibilityGlobals) = postSolution
		SolutionGuid = {02A96028-4B3A-4FF3-8D97-2730D4FAC07B}
	EndGlobalSection
EndGlobal
